
Microsoft Visual Studio Solution File, Format Version 12.00
# Visual Studio Version 17
VisualStudioVersion = 17.7.34202.233
MinimumVisualStudioVersion = 10.0.40219.1
Project("{9A19103F-16F7-4668-BE54-9A1E7A4F7556}") = "lab3", "lab3\lab3.csproj", "{FAA0CCF0-2676-48F5-93BC-C15AA771A495}"
EndProject
Project("{FAE04EC0-301F-11D3-BF4B-00C04F79EFBC}") = "ServerTask2,3", "ServerTask2,3\ServerTask2,3.csproj", "{E7F2814D-4C1A-4567-8B6D-405134F08270}"
EndProject
Project("{FAE04EC0-301F-11D3-BF4B-00C04F79EFBC}") = "ServerTask4", "ServerTask4\ServerTask4.csproj", "{E38E3F8C-CC5E-4DA3-A9AD-F2D80F5A1C2C}"
EndProject
Global
	GlobalSection(SolutionConfigurationPlatforms) = preSolution
		Debug|Any CPU = Debug|Any CPU
		Release|Any CPU = Release|Any CPU
	EndGlobalSection
	GlobalSection(ProjectConfigurationPlatforms) = postSolution
		{FAA0CCF0-2676-48F5-93BC-C15AA771A495}.Debug|Any CPU.ActiveCfg = Debug|Any CPU
		{FAA0CCF0-2676-48F5-93BC-C15AA771A495}.Debug|Any CPU.Build.0 = Debug|Any CPU
		{FAA0CCF0-2676-48F5-93BC-C15AA771A495}.Release|Any CPU.ActiveCfg = Release|Any CPU
		{FAA0CCF0-2676-48F5-93BC-C15AA771A495}.Release|Any CPU.Build.0 = Release|Any CPU
		{E7F2814D-4C1A-4567-8B6D-405134F08270}.Debug|Any CPU.ActiveCfg = Debug|Any CPU
		{E7F2814D-4C1A-4567-8B6D-405134F08270}.Debug|Any CPU.Build.0 = Debug|Any CPU
		{E7F2814D-4C1A-4567-8B6D-405134F08270}.Release|Any CPU.ActiveCfg = Release|Any CPU
		{E7F2814D-4C1A-4567-8B6D-405134F08270}.Release|Any CPU.Build.0 = Release|Any CPU
		{E38E3F8C-CC5E-4DA3-A9AD-F2D80F5A1C2C}.Debug|Any CPU.ActiveCfg = Debug|Any CPU
		{E38E3F8C-CC5E-4DA3-A9AD-F2D80F5A1C2C}.Debug|Any CPU.Build.0 = Debug|Any CPU
		{E38E3F8C-CC5E-4DA3-A9AD-F2D80F5A1C2C}.Release|Any CPU.ActiveCfg = Release|Any CPU
		{E38E3F8C-CC5E-4DA3-A9AD-F2D80F5A1C2C}.Release|Any CPU.Build.0 = Release|Any CPU
	EndGlobalSection
	GlobalSection(SolutionProperties) = preSolution
		HideSolutionNode = FALSE
	EndGlobalSection
	GlobalSection(ExtensibilityGlobals) = postSolution
		SolutionGuid = {79F52707-7EED-4F3A-AF6E-FCABEE56EFA1}
	EndGlobalSection
EndGlobal
